
Microsoft Visual Studio Solution File, Format Version 12.00
# Visual Studio 15
VisualStudioVersion = 15.0.26124.0
MinimumVisualStudioVersion = 15.0.26124.0
Project("{FAE04EC0-301F-11D3-BF4B-00C04F79EFBC}") = "ExplicitMapper", "src\ExplicitMapper.csproj", "{320FB538-D83A-4DB7-AB4D-A2883FDE6818}"
EndProject
Project("{3AC096D0-A1C2-E12C-1390-A8335801FDAB}") = "Test.ExplicitMapper", "test\ExplicitMapper.Test.csproj", "{BFAD7407-F164-4ED5-9D5C-DAA79A512681}"
EndProject
Project("{3AC096D0-A1C2-E12C-1390-A8335801FDAB}") = "Example.ExplicitMapper", "example\mapping\Example.ExplicitMapper.csproj", "{256CDFE6-74C6-489E-9493-92E9AF22B173}"
EndProject
Project("{3AC096D0-A1C2-E12C-1390-A8335801FDAB}") = "Example.Castle.Windsor", "example\castle.windsor\Example.Castle.Windsor.csproj", "{A7F1D7C9-3E3F-437C-AAD3-75ECD9D26FC2}"
EndProject
Project("{3AC096D0-A1C2-E12C-1390-A8335801FDAB}") = "Example.Autofac", "example\autofac\Example.Autofac.csproj", "{4E22D5F2-E43F-458B-BF9F-CE7C62B1C5CD}"
EndProject
Project("{3AC096D0-A1C2-E12C-1390-A8335801FDAB}") = "Example.Microsoft.Extensions.DependencyInjection", "example\microsoft.extensions.dependencyinjection\Example.Microsoft.Extensions.DependencyInjection.csproj", "{61946E5D-B6D2-48B1-9BFB-5EFA15EC3B05}"
EndProject
Project("{3AC096D0-A1C2-E12C-1390-A8335801FDAB}") = "Example.StructureMap", "example\structuremap\Example.StructureMap.csproj", "{D1C99A1E-6560-4AEB-90BB-EAC83B31B2ED}"
EndProject
Project("{3AC096D0-A1C2-E12C-1390-A8335801FDAB}") = "Example.Unity", "example\unity\Example.Unity.csproj", "{41D36815-E19C-4223-BF3D-E9350287BBF9}"
EndProject
Global
	GlobalSection(SolutionConfigurationPlatforms) = preSolution
		Debug|Any CPU = Debug|Any CPU
		Release|Any CPU = Release|Any CPU
	EndGlobalSection
	GlobalSection(SolutionProperties) = preSolution
		HideSolutionNode = FALSE
	EndGlobalSection
	GlobalSection(ProjectConfigurationPlatforms) = postSolution
		{320FB538-D83A-4DB7-AB4D-A2883FDE6818}.Debug|Any CPU.ActiveCfg = Debug|Any CPU
		{320FB538-D83A-4DB7-AB4D-A2883FDE6818}.Debug|Any CPU.Build.0 = Debug|Any CPU
		{320FB538-D83A-4DB7-AB4D-A2883FDE6818}.Release|Any CPU.ActiveCfg = Release|Any CPU
		{320FB538-D83A-4DB7-AB4D-A2883FDE6818}.Release|Any CPU.Build.0 = Release|Any CPU
		{BFAD7407-F164-4ED5-9D5C-DAA79A512681}.Debug|Any CPU.ActiveCfg = Debug|Any CPU
		{BFAD7407-F164-4ED5-9D5C-DAA79A512681}.Debug|Any CPU.Build.0 = Debug|Any CPU
		{BFAD7407-F164-4ED5-9D5C-DAA79A512681}.Release|Any CPU.ActiveCfg = Release|Any CPU
		{BFAD7407-F164-4ED5-9D5C-DAA79A512681}.Release|Any CPU.Build.0 = Release|Any CPU
		{256CDFE6-74C6-489E-9493-92E9AF22B173}.Debug|Any CPU.ActiveCfg = Debug|Any CPU
		{256CDFE6-74C6-489E-9493-92E9AF22B173}.Debug|Any CPU.Build.0 = Debug|Any CPU
		{256CDFE6-74C6-489E-9493-92E9AF22B173}.Release|Any CPU.ActiveCfg = Release|Any CPU
		{256CDFE6-74C6-489E-9493-92E9AF22B173}.Release|Any CPU.Build.0 = Release|Any CPU
		{A7F1D7C9-3E3F-437C-AAD3-75ECD9D26FC2}.Debug|Any CPU.ActiveCfg = Debug|Any CPU
		{A7F1D7C9-3E3F-437C-AAD3-75ECD9D26FC2}.Debug|Any CPU.Build.0 = Debug|Any CPU
		{61946E5D-B6D2-48B1-9BFB-5EFA15EC3B05}.Debug|Any CPU.ActiveCfg = Debug|Any CPU
		{61946E5D-B6D2-48B1-9BFB-5EFA15EC3B05}.Debug|Any CPU.Build.0 = Debug|Any CPU
		{61946E5D-B6D2-48B1-9BFB-5EFA15EC3B05}.Release|Any CPU.ActiveCfg = Release|Any CPU
		{61946E5D-B6D2-48B1-9BFB-5EFA15EC3B05}.Release|Any CPU.Build.0 = Release|Any CPU
		{4E22D5F2-E43F-458B-BF9F-CE7C62B1C5CD}.Debug|Any CPU.ActiveCfg = Debug|Any CPU
		{4E22D5F2-E43F-458B-BF9F-CE7C62B1C5CD}.Debug|Any CPU.Build.0 = Debug|Any CPU
		{D1C99A1E-6560-4AEB-90BB-EAC83B31B2ED}.Debug|Any CPU.ActiveCfg = Debug|Any CPU
		{D1C99A1E-6560-4AEB-90BB-EAC83B31B2ED}.Debug|Any CPU.Build.0 = Debug|Any CPU
		{41D36815-E19C-4223-BF3D-E9350287BBF9}.Debug|Any CPU.ActiveCfg = Debug|Any CPU
		{41D36815-E19C-4223-BF3D-E9350287BBF9}.Debug|Any CPU.Build.0 = Debug|Any CPU
	EndGlobalSection
EndGlobal
